// !$*UTF8*$!
{
	archiveVersion = 1;
	classes = {
	};
	objectVersion = 51;
	objects = {

/* Begin PBXBuildFile section */
		950D840CE0D654173521C0E5 /* Pods_SOPT_week2_exercise3.framework in Frameworks */ = {isa = PBXBuildFile; fileRef = 0EFDE737AA5062B09140D929 /* Pods_SOPT_week2_exercise3.framework */; };
		9D00BA192372B4170071DF18 /* MainViewController.swift in Sources */ = {isa = PBXBuildFile; fileRef = 9D00BA182372B4170071DF18 /* MainViewController.swift */; };
		9D00BA1D2373E0120071DF18 /* DataHeader.swift in Sources */ = {isa = PBXBuildFile; fileRef = 9D00BA1C2373E0120071DF18 /* DataHeader.swift */; };
		9D00BA1F23740DC00071DF18 /* SingupData.swift in Sources */ = {isa = PBXBuildFile; fileRef = 9D00BA1E23740DC00071DF18 /* SingupData.swift */; };
		9D425AFA236D4176009D7BBE /* NetworkResult.swift in Sources */ = {isa = PBXBuildFile; fileRef = 9D425AF9236D4176009D7BBE /* NetworkResult.swift */; };
		9D425AFC236D423F009D7BBE /* APIConstants.swift in Sources */ = {isa = PBXBuildFile; fileRef = 9D425AFB236D423F009D7BBE /* APIConstants.swift */; };
		9D425AFE236D4346009D7BBE /* LoginData.swift in Sources */ = {isa = PBXBuildFile; fileRef = 9D425AFD236D4346009D7BBE /* LoginData.swift */; };
		9D425B00236D44F1009D7BBE /* LoginService.swift in Sources */ = {isa = PBXBuildFile; fileRef = 9D425AFF236D44F1009D7BBE /* LoginService.swift */; };
		9D425B02236D5D31009D7BBE /* SignupService.swift in Sources */ = {isa = PBXBuildFile; fileRef = 9D425B01236D5D31009D7BBE /* SignupService.swift */; };
		9D425B44236DCFCD009D7BBE /* UIColor+Additions.swift in Sources */ = {isa = PBXBuildFile; fileRef = 9D425B43236DCFCD009D7BBE /* UIColor+Additions.swift */; };
		9D57B82E23641CC000749A33 /* BannerCell.swift in Sources */ = {isa = PBXBuildFile; fileRef = 9D57B82D23641CC000749A33 /* BannerCell.swift */; };
		9D57B830236420B700749A33 /* Banner.swift in Sources */ = {isa = PBXBuildFile; fileRef = 9D57B82F236420B700749A33 /* Banner.swift */; };
		9DEBBB29236303BA000062AD /* UtilValue.swift in Sources */ = {isa = PBXBuildFile; fileRef = 9DEBBB28236303BA000062AD /* UtilValue.swift */; };
		9DFBB17D2351AE2F00A6E051 /* AppDelegate.swift in Sources */ = {isa = PBXBuildFile; fileRef = 9DFBB17C2351AE2F00A6E051 /* AppDelegate.swift */; };
		9DFBB17F2351AE2F00A6E051 /* SceneDelegate.swift in Sources */ = {isa = PBXBuildFile; fileRef = 9DFBB17E2351AE2F00A6E051 /* SceneDelegate.swift */; };
		9DFBB1812351AE2F00A6E051 /* ViewController.swift in Sources */ = {isa = PBXBuildFile; fileRef = 9DFBB1802351AE2F00A6E051 /* ViewController.swift */; };
		9DFBB1842351AE2F00A6E051 /* Main.storyboard in Resources */ = {isa = PBXBuildFile; fileRef = 9DFBB1822351AE2F00A6E051 /* Main.storyboard */; };
		9DFBB1862351AE3100A6E051 /* Assets.xcassets in Resources */ = {isa = PBXBuildFile; fileRef = 9DFBB1852351AE3100A6E051 /* Assets.xcassets */; };
		9DFBB1892351AE3100A6E051 /* LaunchScreen.storyboard in Resources */ = {isa = PBXBuildFile; fileRef = 9DFBB1872351AE3100A6E051 /* LaunchScreen.storyboard */; };
/* End PBXBuildFile section */

/* Begin PBXFileReference section */
		0EFDE737AA5062B09140D929 /* Pods_SOPT_week2_exercise3.framework */ = {isa = PBXFileReference; explicitFileType = wrapper.framework; includeInIndex = 0; path = Pods_SOPT_week2_exercise3.framework; sourceTree = BUILT_PRODUCTS_DIR; };
		125C32577B0B940E743D2329 /* Pods-SOPT_week2_exercise3.release.xcconfig */ = {isa = PBXFileReference; includeInIndex = 1; lastKnownFileType = text.xcconfig; name = "Pods-SOPT_week2_exercise3.release.xcconfig"; path = "Target Support Files/Pods-SOPT_week2_exercise3/Pods-SOPT_week2_exercise3.release.xcconfig"; sourceTree = "<group>"; };
		3FDFA0C5C45EFCAF223599E5 /* Pods-SOPT_week2_exercise3.debug.xcconfig */ = {isa = PBXFileReference; includeInIndex = 1; lastKnownFileType = text.xcconfig; name = "Pods-SOPT_week2_exercise3.debug.xcconfig"; path = "Target Support Files/Pods-SOPT_week2_exercise3/Pods-SOPT_week2_exercise3.debug.xcconfig"; sourceTree = "<group>"; };
		9D00BA182372B4170071DF18 /* MainViewController.swift */ = {isa = PBXFileReference; lastKnownFileType = sourcecode.swift; path = MainViewController.swift; sourceTree = "<group>"; };
		9D00BA1C2373E0120071DF18 /* DataHeader.swift */ = {isa = PBXFileReference; lastKnownFileType = sourcecode.swift; path = DataHeader.swift; sourceTree = "<group>"; };
		9D00BA1E23740DC00071DF18 /* SingupData.swift */ = {isa = PBXFileReference; lastKnownFileType = sourcecode.swift; path = SingupData.swift; sourceTree = "<group>"; };
		9D425AF9236D4176009D7BBE /* NetworkResult.swift */ = {isa = PBXFileReference; lastKnownFileType = sourcecode.swift; path = NetworkResult.swift; sourceTree = "<group>"; };
		9D425AFB236D423F009D7BBE /* APIConstants.swift */ = {isa = PBXFileReference; lastKnownFileType = sourcecode.swift; path = APIConstants.swift; sourceTree = "<group>"; };
		9D425AFD236D4346009D7BBE /* LoginData.swift */ = {isa = PBXFileReference; lastKnownFileType = sourcecode.swift; path = LoginData.swift; sourceTree = "<group>"; };
		9D425AFF236D44F1009D7BBE /* LoginService.swift */ = {isa = PBXFileReference; lastKnownFileType = sourcecode.swift; path = LoginService.swift; sourceTree = "<group>"; };
		9D425B01236D5D31009D7BBE /* SignupService.swift */ = {isa = PBXFileReference; lastKnownFileType = sourcecode.swift; path = SignupService.swift; sourceTree = "<group>"; };
		9D425B43236DCFCD009D7BBE /* UIColor+Additions.swift */ = {isa = PBXFileReference; fileEncoding = 4; lastKnownFileType = sourcecode.swift; path = "UIColor+Additions.swift"; sourceTree = "<group>"; };
		9D57B82D23641CC000749A33 /* BannerCell.swift */ = {isa = PBXFileReference; lastKnownFileType = sourcecode.swift; path = BannerCell.swift; sourceTree = "<group>"; };
		9D57B82F236420B700749A33 /* Banner.swift */ = {isa = PBXFileReference; lastKnownFileType = sourcecode.swift; path = Banner.swift; sourceTree = "<group>"; };
		9DEBBB28236303BA000062AD /* UtilValue.swift */ = {isa = PBXFileReference; lastKnownFileType = sourcecode.swift; path = UtilValue.swift; sourceTree = "<group>"; };
		9DFBB1792351AE2F00A6E051 /* SOPT_week2_exercise3.app */ = {isa = PBXFileReference; explicitFileType = wrapper.application; includeInIndex = 0; path = SOPT_week2_exercise3.app; sourceTree = BUILT_PRODUCTS_DIR; };
		9DFBB17C2351AE2F00A6E051 /* AppDelegate.swift */ = {isa = PBXFileReference; lastKnownFileType = sourcecode.swift; path = AppDelegate.swift; sourceTree = "<group>"; };
		9DFBB17E2351AE2F00A6E051 /* SceneDelegate.swift */ = {isa = PBXFileReference; lastKnownFileType = sourcecode.swift; path = SceneDelegate.swift; sourceTree = "<group>"; };
		9DFBB1802351AE2F00A6E051 /* ViewController.swift */ = {isa = PBXFileReference; lastKnownFileType = sourcecode.swift; path = ViewController.swift; sourceTree = "<group>"; };
		9DFBB1832351AE2F00A6E051 /* Base */ = {isa = PBXFileReference; lastKnownFileType = file.storyboard; name = Base; path = Base.lproj/Main.storyboard; sourceTree = "<group>"; };
		9DFBB1852351AE3100A6E051 /* Assets.xcassets */ = {isa = PBXFileReference; lastKnownFileType = folder.assetcatalog; path = Assets.xcassets; sourceTree = "<group>"; };
		9DFBB1882351AE3100A6E051 /* Base */ = {isa = PBXFileReference; lastKnownFileType = file.storyboard; name = Base; path = Base.lproj/LaunchScreen.storyboard; sourceTree = "<group>"; };
		9DFBB18A2351AE3100A6E051 /* Info.plist */ = {isa = PBXFileReference; lastKnownFileType = text.plist.xml; path = Info.plist; sourceTree = "<group>"; };
/* End PBXFileReference section */

/* Begin PBXFrameworksBuildPhase section */
		9DFBB1762351AE2F00A6E051 /* Frameworks */ = {
			isa = PBXFrameworksBuildPhase;
			buildActionMask = 2147483647;
			files = (
				950D840CE0D654173521C0E5 /* Pods_SOPT_week2_exercise3.framework in Frameworks */,
			);
			runOnlyForDeploymentPostprocessing = 0;
		};
/* End PBXFrameworksBuildPhase section */

/* Begin PBXGroup section */
		4731F5D54544CCDDC9C06CBF /* Pods */ = {
			isa = PBXGroup;
			children = (
				3FDFA0C5C45EFCAF223599E5 /* Pods-SOPT_week2_exercise3.debug.xcconfig */,
				125C32577B0B940E743D2329 /* Pods-SOPT_week2_exercise3.release.xcconfig */,
			);
			path = Pods;
			sourceTree = "<group>";
		};
		6C23D9CE37A5692672984F14 /* Frameworks */ = {
			isa = PBXGroup;
			children = (
				0EFDE737AA5062B09140D929 /* Pods_SOPT_week2_exercise3.framework */,
			);
			name = Frameworks;
			sourceTree = "<group>";
		};
		9D425AF8236D4147009D7BBE /* APIServices */ = {
			isa = PBXGroup;
			children = (
				9D425AF9236D4176009D7BBE /* NetworkResult.swift */,
				9D425AFB236D423F009D7BBE /* APIConstants.swift */,
				9D425AFF236D44F1009D7BBE /* LoginService.swift */,
				9D425B01236D5D31009D7BBE /* SignupService.swift */,
				9D00BA1C2373E0120071DF18 /* DataHeader.swift */,
			);
			path = APIServices;
			sourceTree = "<group>";
		};
		9DFBB1702351AE2F00A6E051 = {
			isa = PBXGroup;
			children = (
				9DFBB17B2351AE2F00A6E051 /* SOPT_week2_exercise3 */,
				9DFBB17A2351AE2F00A6E051 /* Products */,
				4731F5D54544CCDDC9C06CBF /* Pods */,
				6C23D9CE37A5692672984F14 /* Frameworks */,
			);
			sourceTree = "<group>";
		};
		9DFBB17A2351AE2F00A6E051 /* Products */ = {
			isa = PBXGroup;
			children = (
				9DFBB1792351AE2F00A6E051 /* SOPT_week2_exercise3.app */,
			);
			name = Products;
			sourceTree = "<group>";
		};
		9DFBB17B2351AE2F00A6E051 /* SOPT_week2_exercise3 */ = {
			isa = PBXGroup;
			children = (
				9DFBB19123522D9800A6E051 /* Sources */,
				9DFBB19023522D9100A6E051 /* Resources */,
				9DFBB18A2351AE3100A6E051 /* Info.plist */,
			);
			path = SOPT_week2_exercise3;
			sourceTree = "<group>";
		};
		9DFBB19023522D9100A6E051 /* Resources */ = {
			isa = PBXGroup;
			children = (
				9D425AF8236D4147009D7BBE /* APIServices */,
				9DFBB1822351AE2F00A6E051 /* Main.storyboard */,
				9DFBB1852351AE3100A6E051 /* Assets.xcassets */,
				9DFBB1872351AE3100A6E051 /* LaunchScreen.storyboard */,
			);
			path = Resources;
			sourceTree = "<group>";
		};
		9DFBB19123522D9800A6E051 /* Sources */ = {
			isa = PBXGroup;
			children = (
				9DFBB17C2351AE2F00A6E051 /* AppDelegate.swift */,
				9DFBB17E2351AE2F00A6E051 /* SceneDelegate.swift */,
				9DFBB19223522DA200A6E051 /* ViewController */,
				9DFBB19323522DA900A6E051 /* Model */,
			);
			path = Sources;
			sourceTree = "<group>";
		};
		9DFBB19223522DA200A6E051 /* ViewController */ = {
			isa = PBXGroup;
			children = (
				9D425B43236DCFCD009D7BBE /* UIColor+Additions.swift */,
				9DFBB1802351AE2F00A6E051 /* ViewController.swift */,
				9D00BA182372B4170071DF18 /* MainViewController.swift */,
			);
			path = ViewController;
			sourceTree = "<group>";
		};
		9DFBB19323522DA900A6E051 /* Model */ = {
			isa = PBXGroup;
			children = (
				9DEBBB28236303BA000062AD /* UtilValue.swift */,
				9D57B82D23641CC000749A33 /* BannerCell.swift */,
				9D57B82F236420B700749A33 /* Banner.swift */,
				9D425AFD236D4346009D7BBE /* LoginData.swift */,
				9D00BA1E23740DC00071DF18 /* SingupData.swift */,
			);
			path = Model;
			sourceTree = "<group>";
		};
/* End PBXGroup section */

/* Begin PBXNativeTarget section */
		9DFBB1782351AE2F00A6E051 /* SOPT_week2_exercise3 */ = {
			isa = PBXNativeTarget;
			buildConfigurationList = 9DFBB18D2351AE3100A6E051 /* Build configuration list for PBXNativeTarget "SOPT_week2_exercise3" */;
			buildPhases = (
				385D6E6058BBEC5243B7B24D /* [CP] Check Pods Manifest.lock */,
				9DFBB1752351AE2F00A6E051 /* Sources */,
				9DFBB1762351AE2F00A6E051 /* Frameworks */,
				9DFBB1772351AE2F00A6E051 /* Resources */,
				95953A8275325EA1F752FC74 /* [CP] Embed Pods Frameworks */,
			);
			buildRules = (
			);
			dependencies = (
			);
			name = SOPT_week2_exercise3;
			productName = SOPT_week3_exercise3;
			productReference = 9DFBB1792351AE2F00A6E051 /* SOPT_week2_exercise3.app */;
			productType = "com.apple.product-type.application";
		};
/* End PBXNativeTarget section */

/* Begin PBXProject section */
		9DFBB1712351AE2F00A6E051 /* Project object */ = {
			isa = PBXProject;
			attributes = {
				LastSwiftUpdateCheck = 1110;
				LastUpgradeCheck = 1110;
				ORGANIZATIONNAME = "윤동민";
				TargetAttributes = {
					9DFBB1782351AE2F00A6E051 = {
						CreatedOnToolsVersion = 11.1;
					};
				};
			};
			buildConfigurationList = 9DFBB1742351AE2F00A6E051 /* Build configuration list for PBXProject "SOPT_week2_exercise3" */;
			compatibilityVersion = "Xcode 9.3";
			developmentRegion = en;
			hasScannedForEncodings = 0;
			knownRegions = (
				en,
				Base,
			);
			mainGroup = 9DFBB1702351AE2F00A6E051;
			productRefGroup = 9DFBB17A2351AE2F00A6E051 /* Products */;
			projectDirPath = "";
			projectRoot = "";
			targets = (
				9DFBB1782351AE2F00A6E051 /* SOPT_week2_exercise3 */,
			);
		};
/* End PBXProject section */

/* Begin PBXResourcesBuildPhase section */
		9DFBB1772351AE2F00A6E051 /* Resources */ = {
			isa = PBXResourcesBuildPhase;
			buildActionMask = 2147483647;
			files = (
				9DFBB1892351AE3100A6E051 /* LaunchScreen.storyboard in Resources */,
				9DFBB1862351AE3100A6E051 /* Assets.xcassets in Resources */,
				9DFBB1842351AE2F00A6E051 /* Main.storyboard in Resources */,
			);
			runOnlyForDeploymentPostprocessing = 0;
		};
/* End PBXResourcesBuildPhase section */

/* Begin PBXShellScriptBuildPhase section */
		385D6E6058BBEC5243B7B24D /* [CP] Check Pods Manifest.lock */ = {
			isa = PBXShellScriptBuildPhase;
			buildActionMask = 2147483647;
			files = (
			);
			inputFileListPaths = (
			);
			inputPaths = (
				"${PODS_PODFILE_DIR_PATH}/Podfile.lock",
				"${PODS_ROOT}/Manifest.lock",
			);
			name = "[CP] Check Pods Manifest.lock";
			outputFileListPaths = (
			);
			outputPaths = (
				"$(DERIVED_FILE_DIR)/Pods-SOPT_week2_exercise3-checkManifestLockResult.txt",
			);
			runOnlyForDeploymentPostprocessing = 0;
			shellPath = /bin/sh;
			shellScript = "diff \"${PODS_PODFILE_DIR_PATH}/Podfile.lock\" \"${PODS_ROOT}/Manifest.lock\" > /dev/null\nif [ $? != 0 ] ; then\n    # print error to STDERR\n    echo \"error: The sandbox is not in sync with the Podfile.lock. Run 'pod install' or update your CocoaPods installation.\" >&2\n    exit 1\nfi\n# This output is used by Xcode 'outputs' to avoid re-running this script phase.\necho \"SUCCESS\" > \"${SCRIPT_OUTPUT_FILE_0}\"\n";
			showEnvVarsInLog = 0;
		};
		95953A8275325EA1F752FC74 /* [CP] Embed Pods Frameworks */ = {
			isa = PBXShellScriptBuildPhase;
			buildActionMask = 2147483647;
			files = (
			);
			inputFileListPaths = (
				"${PODS_ROOT}/Target Support Files/Pods-SOPT_week2_exercise3/Pods-SOPT_week2_exercise3-frameworks-${CONFIGURATION}-input-files.xcfilelist",
			);
			name = "[CP] Embed Pods Frameworks";
			outputFileListPaths = (
				"${PODS_ROOT}/Target Support Files/Pods-SOPT_week2_exercise3/Pods-SOPT_week2_exercise3-frameworks-${CONFIGURATION}-output-files.xcfilelist",
			);
			runOnlyForDeploymentPostprocessing = 0;
			shellPath = /bin/sh;
			shellScript = "\"${PODS_ROOT}/Target Support Files/Pods-SOPT_week2_exercise3/Pods-SOPT_week2_exercise3-frameworks.sh\"\n";
			showEnvVarsInLog = 0;
		};
/* End PBXShellScriptBuildPhase section */

/* Begin PBXSourcesBuildPhase section */
		9DFBB1752351AE2F00A6E051 /* Sources */ = {
			isa = PBXSourcesBuildPhase;
			buildActionMask = 2147483647;
			files = (
				9DFBB1812351AE2F00A6E051 /* ViewController.swift in Sources */,
				9D425B44236DCFCD009D7BBE /* UIColor+Additions.swift in Sources */,
				9DEBBB29236303BA000062AD /* UtilValue.swift in Sources */,
				9DFBB17D2351AE2F00A6E051 /* AppDelegate.swift in Sources */,
				9D425AFE236D4346009D7BBE /* LoginData.swift in Sources */,
				9DFBB17F2351AE2F00A6E051 /* SceneDelegate.swift in Sources */,
				9D57B830236420B700749A33 /* Banner.swift in Sources */,
				9D425B00236D44F1009D7BBE /* LoginService.swift in Sources */,
				9D425AFC236D423F009D7BBE /* APIConstants.swift in Sources */,
				9D425B02236D5D31009D7BBE /* SignupService.swift in Sources */,
				9D57B82E23641CC000749A33 /* BannerCell.swift in Sources */,
				9D00BA1F23740DC00071DF18 /* SingupData.swift in Sources */,
				9D00BA192372B4170071DF18 /* MainViewController.swift in Sources */,
				9D00BA1D2373E0120071DF18 /* DataHeader.swift in Sources */,
				9D425AFA236D4176009D7BBE /* NetworkResult.swift in Sources */,
			);
			runOnlyForDeploymentPostprocessing = 0;
		};
/* End PBXSourcesBuildPhase section */

/* Begin PBXVariantGroup section */
		9DFBB1822351AE2F00A6E051 /* Main.storyboard */ = {
			isa = PBXVariantGroup;
			children = (
				9DFBB1832351AE2F00A6E051 /* Base */,
			);
			name = Main.storyboard;
			sourceTree = "<group>";
		};
		9DFBB1872351AE3100A6E051 /* LaunchScreen.storyboard */ = {
			isa = PBXVariantGroup;
			children = (
				9DFBB1882351AE3100A6E051 /* Base */,
			);
			name = LaunchScreen.storyboard;
			sourceTree = "<group>";
		};
/* End PBXVariantGroup section */

/* Begin XCBuildConfiguration section */
		9DFBB18B2351AE3100A6E051 /* Debug */ = {
			isa = XCBuildConfiguration;
			buildSettings = {
				ALWAYS_SEARCH_USER_PATHS = NO;
				CLANG_ANALYZER_NONNULL = YES;
				CLANG_ANALYZER_NUMBER_OBJECT_CONVERSION = YES_AGGRESSIVE;
				CLANG_CXX_LANGUAGE_STANDARD = "gnu++14";
				CLANG_CXX_LIBRARY = "libc++";
				CLANG_ENABLE_MODULES = YES;
				CLANG_ENABLE_OBJC_ARC = YES;
				CLANG_ENABLE_OBJC_WEAK = YES;
				CLANG_WARN_BLOCK_CAPTURE_AUTORELEASING = YES;
				CLANG_WARN_BOOL_CONVERSION = YES;
				CLANG_WARN_COMMA = YES;
				CLANG_WARN_CONSTANT_CONVERSION = YES;
				CLANG_WARN_DEPRECATED_OBJC_IMPLEMENTATIONS = YES;
				CLANG_WARN_DIRECT_OBJC_ISA_USAGE = YES_ERROR;
				CLANG_WARN_DOCUMENTATION_COMMENTS = YES;
				CLANG_WARN_EMPTY_BODY = YES;
				CLANG_WARN_ENUM_CONVERSION = YES;
				CLANG_WARN_INFINITE_RECURSION = YES;
				CLANG_WARN_INT_CONVERSION = YES;
				CLANG_WARN_NON_LITERAL_NULL_CONVERSION = YES;
				CLANG_WARN_OBJC_IMPLICIT_RETAIN_SELF = YES;
				CLANG_WARN_OBJC_LITERAL_CONVERSION = YES;
				CLANG_WARN_OBJC_ROOT_CLASS = YES_ERROR;
				CLANG_WARN_RANGE_LOOP_ANALYSIS = YES;
				CLANG_WARN_STRICT_PROTOTYPES = YES;
				CLANG_WARN_SUSPICIOUS_MOVE = YES;
				CLANG_WARN_UNGUARDED_AVAILABILITY = YES_AGGRESSIVE;
				CLANG_WARN_UNREACHABLE_CODE = YES;
				CLANG_WARN__DUPLICATE_METHOD_MATCH = YES;
				COPY_PHASE_STRIP = NO;
				DEBUG_INFORMATION_FORMAT = dwarf;
				ENABLE_STRICT_OBJC_MSGSEND = YES;
				ENABLE_TESTABILITY = YES;
				GCC_C_LANGUAGE_STANDARD = gnu11;
				GCC_DYNAMIC_NO_PIC = NO;
				GCC_NO_COMMON_BLOCKS = YES;
				GCC_OPTIMIZATION_LEVEL = 0;
				GCC_PREPROCESSOR_DEFINITIONS = (
					"DEBUG=1",
					"$(inherited)",
				);
				GCC_WARN_64_TO_32_BIT_CONVERSION = YES;
				GCC_WARN_ABOUT_RETURN_TYPE = YES_ERROR;
				GCC_WARN_UNDECLARED_SELECTOR = YES;
				GCC_WARN_UNINITIALIZED_AUTOS = YES_AGGRESSIVE;
				GCC_WARN_UNUSED_FUNCTION = YES;
				GCC_WARN_UNUSED_VARIABLE = YES;
				IPHONEOS_DEPLOYMENT_TARGET = 13.1;
				MTL_ENABLE_DEBUG_INFO = INCLUDE_SOURCE;
				MTL_FAST_MATH = YES;
				ONLY_ACTIVE_ARCH = YES;
				SDKROOT = iphoneos;
				SWIFT_ACTIVE_COMPILATION_CONDITIONS = DEBUG;
				SWIFT_OPTIMIZATION_LEVEL = "-Onone";
			};
			name = Debug;
		};
		9DFBB18C2351AE3100A6E051 /* Release */ = {
			isa = XCBuildConfiguration;
			buildSettings = {
				ALWAYS_SEARCH_USER_PATHS = NO;
				CLANG_ANALYZER_NONNULL = YES;
				CLANG_ANALYZER_NUMBER_OBJECT_CONVERSION = YES_AGGRESSIVE;
				CLANG_CXX_LANGUAGE_STANDARD = "gnu++14";
				CLANG_CXX_LIBRARY = "libc++";
				CLANG_ENABLE_MODULES = YES;
				CLANG_ENABLE_OBJC_ARC = YES;
				CLANG_ENABLE_OBJC_WEAK = YES;
				CLANG_WARN_BLOCK_CAPTURE_AUTORELEASING = YES;
				CLANG_WARN_BOOL_CONVERSION = YES;
				CLANG_WARN_COMMA = YES;
				CLANG_WARN_CONSTANT_CONVERSION = YES;
				CLANG_WARN_DEPRECATED_OBJC_IMPLEMENTATIONS = YES;
				CLANG_WARN_DIRECT_OBJC_ISA_USAGE = YES_ERROR;
				CLANG_WARN_DOCUMENTATION_COMMENTS = YES;
				CLANG_WARN_EMPTY_BODY = YES;
				CLANG_WARN_ENUM_CONVERSION = YES;
				CLANG_WARN_INFINITE_RECURSION = YES;
				CLANG_WARN_INT_CONVERSION = YES;
				CLANG_WARN_NON_LITERAL_NULL_CONVERSION = YES;
				CLANG_WARN_OBJC_IMPLICIT_RETAIN_SELF = YES;
				CLANG_WARN_OBJC_LITERAL_CONVERSION = YES;
				CLANG_WARN_OBJC_ROOT_CLASS = YES_ERROR;
				CLANG_WARN_RANGE_LOOP_ANALYSIS = YES;
				CLANG_WARN_STRICT_PROTOTYPES = YES;
				CLANG_WARN_SUSPICIOUS_MOVE = YES;
				CLANG_WARN_UNGUARDED_AVAILABILITY = YES_AGGRESSIVE;
				CLANG_WARN_UNREACHABLE_CODE = YES;
				CLANG_WARN__DUPLICATE_METHOD_MATCH = YES;
				COPY_PHASE_STRIP = NO;
				DEBUG_INFORMATION_FORMAT = "dwarf-with-dsym";
				ENABLE_NS_ASSERTIONS = NO;
				ENABLE_STRICT_OBJC_MSGSEND = YES;
				GCC_C_LANGUAGE_STANDARD = gnu11;
				GCC_NO_COMMON_BLOCKS = YES;
				GCC_WARN_64_TO_32_BIT_CONVERSION = YES;
				GCC_WARN_ABOUT_RETURN_TYPE = YES_ERROR;
				GCC_WARN_UNDECLARED_SELECTOR = YES;
				GCC_WARN_UNINITIALIZED_AUTOS = YES_AGGRESSIVE;
				GCC_WARN_UNUSED_FUNCTION = YES;
				GCC_WARN_UNUSED_VARIABLE = YES;
				IPHONEOS_DEPLOYMENT_TARGET = 13.1;
				MTL_ENABLE_DEBUG_INFO = NO;
				MTL_FAST_MATH = YES;
				SDKROOT = iphoneos;
				SWIFT_COMPILATION_MODE = wholemodule;
				SWIFT_OPTIMIZATION_LEVEL = "-O";
				VALIDATE_PRODUCT = YES;
			};
			name = Release;
		};
		9DFBB18E2351AE3100A6E051 /* Debug */ = {
			isa = XCBuildConfiguration;
			baseConfigurationReference = 3FDFA0C5C45EFCAF223599E5 /* Pods-SOPT_week2_exercise3.debug.xcconfig */;
			buildSettings = {
				ASSETCATALOG_COMPILER_APPICON_NAME = AppIcon;
				CODE_SIGN_STYLE = Automatic;
				DEVELOPMENT_TEAM = AKW8XUH283;
				INFOPLIST_FILE = SOPT_week2_exercise3/Info.plist;
				LD_RUNPATH_SEARCH_PATHS = (
					"$(inherited)",
					"@executable_path/Frameworks",
				);
				PRODUCT_BUNDLE_IDENTIFIER = "-01421036.SOPT-week2-exercise3";
				PRODUCT_NAME = "$(TARGET_NAME)";
				SWIFT_VERSION = 5.0;
				TARGETED_DEVICE_FAMILY = "1,2";
			};
			name = Debug;
		};
		9DFBB18F2351AE3100A6E051 /* Release */ = {
			isa = XCBuildConfiguration;
			baseConfigurationReference = 125C32577B0B940E743D2329 /* Pods-SOPT_week2_exercise3.release.xcconfig */;
			buildSettings = {
				ASSETCATALOG_COMPILER_APPICON_NAME = AppIcon;
				CODE_SIGN_STYLE = Automatic;
				DEVELOPMENT_TEAM = AKW8XUH283;
				INFOPLIST_FILE = SOPT_week2_exercise3/Info.plist;
				LD_RUNPATH_SEARCH_PATHS = (
					"$(inherited)",
					"@executable_path/Frameworks",
				);
				PRODUCT_BUNDLE_IDENTIFIER = "-01421036.SOPT-week2-exercise3";
				PRODUCT_NAME = "$(TARGET_NAME)";
				SWIFT_VERSION = 5.0;
				TARGETED_DEVICE_FAMILY = "1,2";
			};
			name = Release;
		};
/* End XCBuildConfiguration section */

/* Begin XCConfigurationList section */
		9DFBB1742351AE2F00A6E051 /* Build configuration list for PBXProject "SOPT_week2_exercise3" */ = {
			isa = XCConfigurationList;
			buildConfigurations = (
				9DFBB18B2351AE3100A6E051 /* Debug */,
				9DFBB18C2351AE3100A6E051 /* Release */,
			);
			defaultConfigurationIsVisible = 0;
			defaultConfigurationName = Release;
		};
		9DFBB18D2351AE3100A6E051 /* Build configuration list for PBXNativeTarget "SOPT_week2_exercise3" */ = {
			isa = XCConfigurationList;
			buildConfigurations = (
				9DFBB18E2351AE3100A6E051 /* Debug */,
				9DFBB18F2351AE3100A6E051 /* Release */,
			);
			defaultConfigurationIsVisible = 0;
			defaultConfigurationName = Release;
		};
/* End XCConfigurationList section */
	};
	rootObject = 9DFBB1712351AE2F00A6E051 /* Project object */;
}
